
Microsoft Visual Studio Solution File, Format Version 12.00
# Visual Studio Version 17
VisualStudioVersion = 17.8.34408.163
MinimumVisualStudioVersion = 10.0.40219.1
Project("{FAE04EC0-301F-11D3-BF4B-00C04F79EFBC}") = "TextTransformations", "TextTransformations.csproj", "{BD3C53B6-DDFB-486C-ADA3-2BD15A7F3D32}"
	ProjectSection(ProjectDependencies) = postProject
		{08A1A6D5-B5CF-4CD3-83E3-6C46FE7D7965} = {08A1A6D5-B5CF-4CD3-83E3-6C46FE7D7965}
	EndProjectSection
EndProject
Project("{FAE04EC0-301F-11D3-BF4B-00C04F79EFBC}") = "TextTransformations.Library", "..\TextTransformations.Library\TextTransformations.Library.csproj", "{08A1A6D5-B5CF-4CD3-83E3-6C46FE7D7965}"
EndProject
Global
	GlobalSection(SolutionConfigurationPlatforms) = preSolution
		Debug|Any CPU = Debug|Any CPU
		Release|Any CPU = Release|Any CPU
	EndGlobalSection
	GlobalSection(ProjectConfigurationPlatforms) = postSolution
		{BD3C53B6-DDFB-486C-ADA3-2BD15A7F3D32}.Debug|Any CPU.ActiveCfg = Debug|Any CPU
		{BD3C53B6-DDFB-486C-ADA3-2BD15A7F3D32}.Debug|Any CPU.Build.0 = Debug|Any CPU
		{BD3C53B6-DDFB-486C-ADA3-2BD15A7F3D32}.Release|Any CPU.ActiveCfg = Release|Any CPU
		{BD3C53B6-DDFB-486C-ADA3-2BD15A7F3D32}.Release|Any CPU.Build.0 = Release|Any CPU
		{08A1A6D5-B5CF-4CD3-83E3-6C46FE7D7965}.Debug|Any CPU.ActiveCfg = Debug|Any CPU
		{08A1A6D5-B5CF-4CD3-83E3-6C46FE7D7965}.Debug|Any CPU.Build.0 = Debug|Any CPU
		{08A1A6D5-B5CF-4CD3-83E3-6C46FE7D7965}.Release|Any CPU.ActiveCfg = Release|Any CPU
		{08A1A6D5-B5CF-4CD3-83E3-6C46FE7D7965}.Release|Any CPU.Build.0 = Release|Any CPU
	EndGlobalSection
	GlobalSection(SolutionProperties) = preSolution
		HideSolutionNode = FALSE
	EndGlobalSection
	GlobalSection(ExtensibilityGlobals) = postSolution
		SolutionGuid = {592FBE49-AF95-47C4-B6CB-75C762185148}
	EndGlobalSection
EndGlobal
